
Microsoft Visual Studio Solution File, Format Version 12.00
# Visual Studio Version 17
VisualStudioVersion = 17.8.34309.116
MinimumVisualStudioVersion = 10.0.40219.1
Project("{FAE04EC0-301F-11D3-BF4B-00C04F79EFBC}") = "GCDTool", "GCDTool\GCDTool.csproj", "{C9C84AF7-5F36-4623-AE76-19AC55B64450}"
EndProject
Global
	GlobalSection(SolutionConfigurationPlatforms) = preSolution
		Debug|Any CPU = Debug|Any CPU
		Release|Any CPU = Release|Any CPU
	EndGlobalSection
	GlobalSection(ProjectConfigurationPlatforms) = postSolution
		{C9C84AF7-5F36-4623-AE76-19AC55B64450}.Debug|Any CPU.ActiveCfg = Debug|Any CPU
		{C9C84AF7-5F36-4623-AE76-19AC55B64450}.Debug|Any CPU.Build.0 = Debug|Any CPU
		{C9C84AF7-5F36-4623-AE76-19AC55B64450}.Release|Any CPU.ActiveCfg = Release|Any CPU
		{C9C84AF7-5F36-4623-AE76-19AC55B64450}.Release|Any CPU.Build.0 = Release|Any CPU
	EndGlobalSection
	GlobalSection(SolutionProperties) = preSolution
		HideSolutionNode = FALSE
	EndGlobalSection
	GlobalSection(ExtensibilityGlobals) = postSolution
		SolutionGuid = {76A73BFB-4C65-473A-821E-CDCA3B40E343}
	EndGlobalSection
EndGlobal
